
Microsoft Visual Studio Solution File, Format Version 12.00
# Visual Studio Version 16
VisualStudioVersion = 16.0.30225.117
MinimumVisualStudioVersion = 10.0.40219.1
Project("{FAE04EC0-301F-11D3-BF4B-00C04F79EFBC}") = "nikadoResturant", "nikadoResturant.csproj", "{5C38C599-790A-4E5D-ADF9-51EB7C72C93A}"
EndProject
Global
	GlobalSection(SolutionConfigurationPlatforms) = preSolution
		Debug|Any CPU = Debug|Any CPU
		Release|Any CPU = Release|Any CPU
	EndGlobalSection
	GlobalSection(ProjectConfigurationPlatforms) = postSolution
		{5C38C599-790A-4E5D-ADF9-51EB7C72C93A}.Debug|Any CPU.ActiveCfg = Debug|Any CPU
		{5C38C599-790A-4E5D-ADF9-51EB7C72C93A}.Debug|Any CPU.Build.0 = Debug|Any CPU
		{5C38C599-790A-4E5D-ADF9-51EB7C72C93A}.Release|Any CPU.ActiveCfg = Release|Any CPU
		{5C38C599-790A-4E5D-ADF9-51EB7C72C93A}.Release|Any CPU.Build.0 = Release|Any CPU
	EndGlobalSection
	GlobalSection(SolutionProperties) = preSolution
		HideSolutionNode = FALSE
	EndGlobalSection
	GlobalSection(ExtensibilityGlobals) = postSolution
		SolutionGuid = {417FC453-97EA-4D95-9445-00AA86A777CB}
	EndGlobalSection
EndGlobal
